// !$*UTF8*$!
{
	archiveVersion = 1;
	classes = {
	};
	objectVersion = 56;
	objects = {

/* Begin PBXBuildFile section */
		671C1E382AB9E1BA006887DA /* main.swift in Sources */ = {isa = PBXBuildFile; fileRef = 671C1E372AB9E1BA006887DA /* main.swift */; };
		671C1E3F2AB9E286006887DA /* game.swift in Sources */ = {isa = PBXBuildFile; fileRef = 671C1E3E2AB9E286006887DA /* game.swift */; };
		671C1E412AB9E2B3006887DA /* player.swift in Sources */ = {isa = PBXBuildFile; fileRef = 671C1E402AB9E2B3006887DA /* player.swift */; };
		671C1E432AB9E2E1006887DA /* characterFactory.swift in Sources */ = {isa = PBXBuildFile; fileRef = 671C1E422AB9E2E1006887DA /* characterFactory.swift */; };
		671C1E452AB9E328006887DA /* Character.swift in Sources */ = {isa = PBXBuildFile; fileRef = 671C1E442AB9E328006887DA /* Character.swift */; };
		671C1E472AB9E381006887DA /* Dwarf.swift in Sources */ = {isa = PBXBuildFile; fileRef = 671C1E462AB9E381006887DA /* Dwarf.swift */; };
		671C1E492AB9E3C2006887DA /* Warrior.swift in Sources */ = {isa = PBXBuildFile; fileRef = 671C1E482AB9E3C2006887DA /* Warrior.swift */; };
		671C1E4B2AB9E3ED006887DA /* Magus.swift in Sources */ = {isa = PBXBuildFile; fileRef = 671C1E4A2AB9E3ED006887DA /* Magus.swift */; };
		671C1E4D2AB9E416006887DA /* Weapon.swift in Sources */ = {isa = PBXBuildFile; fileRef = 671C1E4C2AB9E416006887DA /* Weapon.swift */; };
		671C1E4F2AB9E438006887DA /* Chopped.swift in Sources */ = {isa = PBXBuildFile; fileRef = 671C1E4E2AB9E438006887DA /* Chopped.swift */; };
		671C1E512AB9E466006887DA /* Dagger.swift in Sources */ = {isa = PBXBuildFile; fileRef = 671C1E502AB9E466006887DA /* Dagger.swift */; };
		671C1E532AB9E490006887DA /* Sword.swift in Sources */ = {isa = PBXBuildFile; fileRef = 671C1E522AB9E490006887DA /* Sword.swift */; };
/* End PBXBuildFile section */

/* Begin PBXCopyFilesBuildPhase section */
		671C1E322AB9E1BA006887DA /* CopyFiles */ = {
			isa = PBXCopyFilesBuildPhase;
			buildActionMask = 2147483647;
			dstPath = /usr/share/man/man1/;
			dstSubfolderSpec = 0;
			files = (
			);
			runOnlyForDeploymentPostprocessing = 1;
		};
/* End PBXCopyFilesBuildPhase section */

/* Begin PBXFileReference section */
		671C1E342AB9E1BA006887DA /* OCR_p3_Game */ = {isa = PBXFileReference; explicitFileType = "compiled.mach-o.executable"; includeInIndex = 0; path = OCR_p3_Game; sourceTree = BUILT_PRODUCTS_DIR; };
		671C1E372AB9E1BA006887DA /* main.swift */ = {isa = PBXFileReference; lastKnownFileType = sourcecode.swift; path = main.swift; sourceTree = "<group>"; };
		671C1E3E2AB9E286006887DA /* game.swift */ = {isa = PBXFileReference; lastKnownFileType = sourcecode.swift; path = game.swift; sourceTree = "<group>"; };
		671C1E402AB9E2B3006887DA /* player.swift */ = {isa = PBXFileReference; lastKnownFileType = sourcecode.swift; path = player.swift; sourceTree = "<group>"; };
		671C1E422AB9E2E1006887DA /* characterFactory.swift */ = {isa = PBXFileReference; lastKnownFileType = sourcecode.swift; path = characterFactory.swift; sourceTree = "<group>"; };
		671C1E442AB9E328006887DA /* Character.swift */ = {isa = PBXFileReference; lastKnownFileType = sourcecode.swift; path = Character.swift; sourceTree = "<group>"; };
		671C1E462AB9E381006887DA /* Dwarf.swift */ = {isa = PBXFileReference; lastKnownFileType = sourcecode.swift; path = Dwarf.swift; sourceTree = "<group>"; };
		671C1E482AB9E3C2006887DA /* Warrior.swift */ = {isa = PBXFileReference; lastKnownFileType = sourcecode.swift; path = Warrior.swift; sourceTree = "<group>"; };
		671C1E4A2AB9E3ED006887DA /* Magus.swift */ = {isa = PBXFileReference; lastKnownFileType = sourcecode.swift; path = Magus.swift; sourceTree = "<group>"; };
		671C1E4C2AB9E416006887DA /* Weapon.swift */ = {isa = PBXFileReference; lastKnownFileType = sourcecode.swift; path = Weapon.swift; sourceTree = "<group>"; };
		671C1E4E2AB9E438006887DA /* Chopped.swift */ = {isa = PBXFileReference; lastKnownFileType = sourcecode.swift; path = Chopped.swift; sourceTree = "<group>"; };
		671C1E502AB9E466006887DA /* Dagger.swift */ = {isa = PBXFileReference; lastKnownFileType = sourcecode.swift; path = Dagger.swift; sourceTree = "<group>"; };
		671C1E522AB9E490006887DA /* Sword.swift */ = {isa = PBXFileReference; lastKnownFileType = sourcecode.swift; path = Sword.swift; sourceTree = "<group>"; };
/* End PBXFileReference section */

/* Begin PBXFrameworksBuildPhase section */
		671C1E312AB9E1BA006887DA /* Frameworks */ = {
			isa = PBXFrameworksBuildPhase;
			buildActionMask = 2147483647;
			files = (
			);
			runOnlyForDeploymentPostprocessing = 0;
		};
/* End PBXFrameworksBuildPhase section */

/* Begin PBXGroup section */
		671C1E2B2AB9E1BA006887DA = {
			isa = PBXGroup;
			children = (
				671C1E362AB9E1BA006887DA /* OCR_p3_Game */,
				671C1E352AB9E1BA006887DA /* Products */,
			);
			sourceTree = "<group>";
		};
		671C1E352AB9E1BA006887DA /* Products */ = {
			isa = PBXGroup;
			children = (
				671C1E342AB9E1BA006887DA /* OCR_p3_Game */,
			);
			name = Products;
			sourceTree = "<group>";
		};
		671C1E362AB9E1BA006887DA /* OCR_p3_Game */ = {
			isa = PBXGroup;
			children = (
				671C1E442AB9E328006887DA /* Character.swift */,
				671C1E372AB9E1BA006887DA /* main.swift */,
				671C1E3E2AB9E286006887DA /* game.swift */,
				671C1E402AB9E2B3006887DA /* player.swift */,
				671C1E422AB9E2E1006887DA /* characterFactory.swift */,
				671C1E462AB9E381006887DA /* Dwarf.swift */,
				671C1E482AB9E3C2006887DA /* Warrior.swift */,
				671C1E4A2AB9E3ED006887DA /* Magus.swift */,
				671C1E4C2AB9E416006887DA /* Weapon.swift */,
				671C1E4E2AB9E438006887DA /* Chopped.swift */,
				671C1E502AB9E466006887DA /* Dagger.swift */,
				671C1E522AB9E490006887DA /* Sword.swift */,
			);
			path = OCR_p3_Game;
			sourceTree = "<group>";
		};
/* End PBXGroup section */

/* Begin PBXNativeTarget section */
		671C1E332AB9E1BA006887DA /* OCR_p3_Game */ = {
			isa = PBXNativeTarget;
			buildConfigurationList = 671C1E3B2AB9E1BA006887DA /* Build configuration list for PBXNativeTarget "OCR_p3_Game" */;
			buildPhases = (
				671C1E302AB9E1BA006887DA /* Sources */,
				671C1E312AB9E1BA006887DA /* Frameworks */,
				671C1E322AB9E1BA006887DA /* CopyFiles */,
			);
			buildRules = (
			);
			dependencies = (
			);
			name = OCR_p3_Game;
			productName = OCR_p3_Game;
			productReference = 671C1E342AB9E1BA006887DA /* OCR_p3_Game */;
			productType = "com.apple.product-type.tool";
		};
/* End PBXNativeTarget section */

/* Begin PBXProject section */
		671C1E2C2AB9E1BA006887DA /* Project object */ = {
			isa = PBXProject;
			attributes = {
				BuildIndependentTargetsInParallel = 1;
				LastSwiftUpdateCheck = 1430;
				LastUpgradeCheck = 1430;
				TargetAttributes = {
					671C1E332AB9E1BA006887DA = {
						CreatedOnToolsVersion = 14.3.1;
					};
				};
			};
			buildConfigurationList = 671C1E2F2AB9E1BA006887DA /* Build configuration list for PBXProject "OCR_p3_Game" */;
			compatibilityVersion = "Xcode 14.0";
			developmentRegion = en;
			hasScannedForEncodings = 0;
			knownRegions = (
				en,
				Base,
			);
			mainGroup = 671C1E2B2AB9E1BA006887DA;
			productRefGroup = 671C1E352AB9E1BA006887DA /* Products */;
			projectDirPath = "";
			projectRoot = "";
			targets = (
				671C1E332AB9E1BA006887DA /* OCR_p3_Game */,
			);
		};
/* End PBXProject section */

/* Begin PBXSourcesBuildPhase section */
		671C1E302AB9E1BA006887DA /* Sources */ = {
			isa = PBXSourcesBuildPhase;
			buildActionMask = 2147483647;
			files = (
				671C1E492AB9E3C2006887DA /* Warrior.swift in Sources */,
				671C1E382AB9E1BA006887DA /* main.swift in Sources */,
				671C1E512AB9E466006887DA /* Dagger.swift in Sources */,
				671C1E412AB9E2B3006887DA /* player.swift in Sources */,
				671C1E4B2AB9E3ED006887DA /* Magus.swift in Sources */,
				671C1E532AB9E490006887DA /* Sword.swift in Sources */,
				671C1E472AB9E381006887DA /* Dwarf.swift in Sources */,
				671C1E452AB9E328006887DA /* Character.swift in Sources */,
				671C1E432AB9E2E1006887DA /* characterFactory.swift in Sources */,
				671C1E4F2AB9E438006887DA /* Chopped.swift in Sources */,
				671C1E3F2AB9E286006887DA /* game.swift in Sources */,
				671C1E4D2AB9E416006887DA /* Weapon.swift in Sources */,
			);
			runOnlyForDeploymentPostprocessing = 0;
		};
/* End PBXSourcesBuildPhase section */

/* Begin XCBuildConfiguration section */
		671C1E392AB9E1BA006887DA /* Debug */ = {
			isa = XCBuildConfiguration;
			buildSettings = {
				ALWAYS_SEARCH_USER_PATHS = NO;
				CLANG_ANALYZER_NONNULL = YES;
				CLANG_ANALYZER_NUMBER_OBJECT_CONVERSION = YES_AGGRESSIVE;
				CLANG_CXX_LANGUAGE_STANDARD = "gnu++20";
				CLANG_ENABLE_MODULES = YES;
				CLANG_ENABLE_OBJC_ARC = YES;
				CLANG_ENABLE_OBJC_WEAK = YES;
				CLANG_WARN_BLOCK_CAPTURE_AUTORELEASING = YES;
				CLANG_WARN_BOOL_CONVERSION = YES;
				CLANG_WARN_COMMA = YES;
				CLANG_WARN_CONSTANT_CONVERSION = YES;
				CLANG_WARN_DEPRECATED_OBJC_IMPLEMENTATIONS = YES;
				CLANG_WARN_DIRECT_OBJC_ISA_USAGE = YES_ERROR;
				CLANG_WARN_DOCUMENTATION_COMMENTS = YES;
				CLANG_WARN_EMPTY_BODY = YES;
				CLANG_WARN_ENUM_CONVERSION = YES;
				CLANG_WARN_INFINITE_RECURSION = YES;
				CLANG_WARN_INT_CONVERSION = YES;
				CLANG_WARN_NON_LITERAL_NULL_CONVERSION = YES;
				CLANG_WARN_OBJC_IMPLICIT_RETAIN_SELF = YES;
				CLANG_WARN_OBJC_LITERAL_CONVERSION = YES;
				CLANG_WARN_OBJC_ROOT_CLASS = YES_ERROR;
				CLANG_WARN_QUOTED_INCLUDE_IN_FRAMEWORK_HEADER = YES;
				CLANG_WARN_RANGE_LOOP_ANALYSIS = YES;
				CLANG_WARN_STRICT_PROTOTYPES = YES;
				CLANG_WARN_SUSPICIOUS_MOVE = YES;
				CLANG_WARN_UNGUARDED_AVAILABILITY = YES_AGGRESSIVE;
				CLANG_WARN_UNREACHABLE_CODE = YES;
				CLANG_WARN__DUPLICATE_METHOD_MATCH = YES;
				COPY_PHASE_STRIP = NO;
				DEBUG_INFORMATION_FORMAT = dwarf;
				ENABLE_STRICT_OBJC_MSGSEND = YES;
				ENABLE_TESTABILITY = YES;
				GCC_C_LANGUAGE_STANDARD = gnu11;
				GCC_DYNAMIC_NO_PIC = NO;
				GCC_NO_COMMON_BLOCKS = YES;
				GCC_OPTIMIZATION_LEVEL = 0;
				GCC_PREPROCESSOR_DEFINITIONS = (
					"DEBUG=1",
					"$(inherited)",
				);
				GCC_WARN_64_TO_32_BIT_CONVERSION = YES;
				GCC_WARN_ABOUT_RETURN_TYPE = YES_ERROR;
				GCC_WARN_UNDECLARED_SELECTOR = YES;
				GCC_WARN_UNINITIALIZED_AUTOS = YES_AGGRESSIVE;
				GCC_WARN_UNUSED_FUNCTION = YES;
				GCC_WARN_UNUSED_VARIABLE = YES;
				MACOSX_DEPLOYMENT_TARGET = 13.3;
				MTL_ENABLE_DEBUG_INFO = INCLUDE_SOURCE;
				MTL_FAST_MATH = YES;
				ONLY_ACTIVE_ARCH = YES;
				SDKROOT = macosx;
				SWIFT_ACTIVE_COMPILATION_CONDITIONS = DEBUG;
				SWIFT_OPTIMIZATION_LEVEL = "-Onone";
			};
			name = Debug;
		};
		671C1E3A2AB9E1BA006887DA /* Release */ = {
			isa = XCBuildConfiguration;
			buildSettings = {
				ALWAYS_SEARCH_USER_PATHS = NO;
				CLANG_ANALYZER_NONNULL = YES;
				CLANG_ANALYZER_NUMBER_OBJECT_CONVERSION = YES_AGGRESSIVE;
				CLANG_CXX_LANGUAGE_STANDARD = "gnu++20";
				CLANG_ENABLE_MODULES = YES;
				CLANG_ENABLE_OBJC_ARC = YES;
				CLANG_ENABLE_OBJC_WEAK = YES;
				CLANG_WARN_BLOCK_CAPTURE_AUTORELEASING = YES;
				CLANG_WARN_BOOL_CONVERSION = YES;
				CLANG_WARN_COMMA = YES;
				CLANG_WARN_CONSTANT_CONVERSION = YES;
				CLANG_WARN_DEPRECATED_OBJC_IMPLEMENTATIONS = YES;
				CLANG_WARN_DIRECT_OBJC_ISA_USAGE = YES_ERROR;
				CLANG_WARN_DOCUMENTATION_COMMENTS = YES;
				CLANG_WARN_EMPTY_BODY = YES;
				CLANG_WARN_ENUM_CONVERSION = YES;
				CLANG_WARN_INFINITE_RECURSION = YES;
				CLANG_WARN_INT_CONVERSION = YES;
				CLANG_WARN_NON_LITERAL_NULL_CONVERSION = YES;
				CLANG_WARN_OBJC_IMPLICIT_RETAIN_SELF = YES;
				CLANG_WARN_OBJC_LITERAL_CONVERSION = YES;
				CLANG_WARN_OBJC_ROOT_CLASS = YES_ERROR;
				CLANG_WARN_QUOTED_INCLUDE_IN_FRAMEWORK_HEADER = YES;
				CLANG_WARN_RANGE_LOOP_ANALYSIS = YES;
				CLANG_WARN_STRICT_PROTOTYPES = YES;
				CLANG_WARN_SUSPICIOUS_MOVE = YES;
				CLANG_WARN_UNGUARDED_AVAILABILITY = YES_AGGRESSIVE;
				CLANG_WARN_UNREACHABLE_CODE = YES;
				CLANG_WARN__DUPLICATE_METHOD_MATCH = YES;
				COPY_PHASE_STRIP = NO;
				DEBUG_INFORMATION_FORMAT = "dwarf-with-dsym";
				ENABLE_NS_ASSERTIONS = NO;
				ENABLE_STRICT_OBJC_MSGSEND = YES;
				GCC_C_LANGUAGE_STANDARD = gnu11;
				GCC_NO_COMMON_BLOCKS = YES;
				GCC_WARN_64_TO_32_BIT_CONVERSION = YES;
				GCC_WARN_ABOUT_RETURN_TYPE = YES_ERROR;
				GCC_WARN_UNDECLARED_SELECTOR = YES;
				GCC_WARN_UNINITIALIZED_AUTOS = YES_AGGRESSIVE;
				GCC_WARN_UNUSED_FUNCTION = YES;
				GCC_WARN_UNUSED_VARIABLE = YES;
				MACOSX_DEPLOYMENT_TARGET = 13.3;
				MTL_ENABLE_DEBUG_INFO = NO;
				MTL_FAST_MATH = YES;
				SDKROOT = macosx;
				SWIFT_COMPILATION_MODE = wholemodule;
				SWIFT_OPTIMIZATION_LEVEL = "-O";
			};
			name = Release;
		};
		671C1E3C2AB9E1BA006887DA /* Debug */ = {
			isa = XCBuildConfiguration;
			buildSettings = {
				CODE_SIGN_STYLE = Automatic;
				DEVELOPMENT_TEAM = G9ZXLCG25U;
				ENABLE_HARDENED_RUNTIME = YES;
				PRODUCT_NAME = "$(TARGET_NAME)";
				SWIFT_VERSION = 5.0;
			};
			name = Debug;
		};
		671C1E3D2AB9E1BA006887DA /* Release */ = {
			isa = XCBuildConfiguration;
			buildSettings = {
				CODE_SIGN_STYLE = Automatic;
				DEVELOPMENT_TEAM = G9ZXLCG25U;
				ENABLE_HARDENED_RUNTIME = YES;
				PRODUCT_NAME = "$(TARGET_NAME)";
				SWIFT_VERSION = 5.0;
			};
			name = Release;
		};
/* End XCBuildConfiguration section */

/* Begin XCConfigurationList section */
		671C1E2F2AB9E1BA006887DA /* Build configuration list for PBXProject "OCR_p3_Game" */ = {
			isa = XCConfigurationList;
			buildConfigurations = (
				671C1E392AB9E1BA006887DA /* Debug */,
				671C1E3A2AB9E1BA006887DA /* Release */,
			);
			defaultConfigurationIsVisible = 0;
			defaultConfigurationName = Release;
		};
		671C1E3B2AB9E1BA006887DA /* Build configuration list for PBXNativeTarget "OCR_p3_Game" */ = {
			isa = XCConfigurationList;
			buildConfigurations = (
				671C1E3C2AB9E1BA006887DA /* Debug */,
				671C1E3D2AB9E1BA006887DA /* Release */,
			);
			defaultConfigurationIsVisible = 0;
			defaultConfigurationName = Release;
		};
/* End XCConfigurationList section */
	};
	rootObject = 671C1E2C2AB9E1BA006887DA /* Project object */;
}
